
Microsoft Visual Studio Solution File, Format Version 12.00
# Visual Studio Version 17
VisualStudioVersion = 17.13.35913.81
MinimumVisualStudioVersion = 10.0.40219.1
Project("{FAE04EC0-301F-11D3-BF4B-00C04F79EFBC}") = "proyectoFinal", "proyectoFinal.csproj", "{46F124E3-976E-4A1D-BEB2-3046F52B21D7}"
EndProject
Global
	GlobalSection(SolutionConfigurationPlatforms) = preSolution
		Debug|Any CPU = Debug|Any CPU
		Release|Any CPU = Release|Any CPU
	EndGlobalSection
	GlobalSection(ProjectConfigurationPlatforms) = postSolution
		{46F124E3-976E-4A1D-BEB2-3046F52B21D7}.Debug|Any CPU.ActiveCfg = Debug|Any CPU
		{46F124E3-976E-4A1D-BEB2-3046F52B21D7}.Debug|Any CPU.Build.0 = Debug|Any CPU
		{46F124E3-976E-4A1D-BEB2-3046F52B21D7}.Release|Any CPU.ActiveCfg = Release|Any CPU
		{46F124E3-976E-4A1D-BEB2-3046F52B21D7}.Release|Any CPU.Build.0 = Release|Any CPU
	EndGlobalSection
	GlobalSection(SolutionProperties) = preSolution
		HideSolutionNode = FALSE
	EndGlobalSection
	GlobalSection(ExtensibilityGlobals) = postSolution
		SolutionGuid = {35B0B19C-210A-4AF9-828B-AE957ADCA63D}
	EndGlobalSection
EndGlobal
